// !$*UTF8*$!
{
	archiveVersion = 1;
	classes = {
	};
	objectVersion = 56;
	objects = {

/* Begin PBXBuildFile section */
		B14947672A8A901F00AC2314 /* AppDelegate.swift in Sources */ = {isa = PBXBuildFile; fileRef = B14947662A8A901F00AC2314 /* AppDelegate.swift */; };
		B14947692A8A901F00AC2314 /* SceneDelegate.swift in Sources */ = {isa = PBXBuildFile; fileRef = B14947682A8A901F00AC2314 /* SceneDelegate.swift */; };
		B149476B2A8A901F00AC2314 /* ViewController.swift in Sources */ = {isa = PBXBuildFile; fileRef = B149476A2A8A901F00AC2314 /* ViewController.swift */; };
		B149476E2A8A901F00AC2314 /* Main.storyboard in Resources */ = {isa = PBXBuildFile; fileRef = B149476C2A8A901F00AC2314 /* Main.storyboard */; };
		B14947702A8A902000AC2314 /* Assets.xcassets in Resources */ = {isa = PBXBuildFile; fileRef = B149476F2A8A902000AC2314 /* Assets.xcassets */; };
		B14947732A8A902000AC2314 /* LaunchScreen.storyboard in Resources */ = {isa = PBXBuildFile; fileRef = B14947712A8A902000AC2314 /* LaunchScreen.storyboard */; };
		B149477E2A8A902000AC2314 /* MagicTravelTests.swift in Sources */ = {isa = PBXBuildFile; fileRef = B149477D2A8A902000AC2314 /* MagicTravelTests.swift */; };
		B14947882A8A902000AC2314 /* MagicTravelUITests.swift in Sources */ = {isa = PBXBuildFile; fileRef = B14947872A8A902000AC2314 /* MagicTravelUITests.swift */; };
		B149478A2A8A902000AC2314 /* MagicTravelUITestsLaunchTests.swift in Sources */ = {isa = PBXBuildFile; fileRef = B14947892A8A902000AC2314 /* MagicTravelUITestsLaunchTests.swift */; };
/* End PBXBuildFile section */

/* Begin PBXContainerItemProxy section */
		B149477A2A8A902000AC2314 /* PBXContainerItemProxy */ = {
			isa = PBXContainerItemProxy;
			containerPortal = B149475B2A8A901F00AC2314 /* Project object */;
			proxyType = 1;
			remoteGlobalIDString = B14947622A8A901F00AC2314;
			remoteInfo = MagicTravel;
		};
		B14947842A8A902000AC2314 /* PBXContainerItemProxy */ = {
			isa = PBXContainerItemProxy;
			containerPortal = B149475B2A8A901F00AC2314 /* Project object */;
			proxyType = 1;
			remoteGlobalIDString = B14947622A8A901F00AC2314;
			remoteInfo = MagicTravel;
		};
/* End PBXContainerItemProxy section */

/* Begin PBXFileReference section */
		B14947632A8A901F00AC2314 /* MagicTravel.app */ = {isa = PBXFileReference; explicitFileType = wrapper.application; includeInIndex = 0; path = MagicTravel.app; sourceTree = BUILT_PRODUCTS_DIR; };
		B14947662A8A901F00AC2314 /* AppDelegate.swift */ = {isa = PBXFileReference; lastKnownFileType = sourcecode.swift; path = AppDelegate.swift; sourceTree = "<group>"; };
		B14947682A8A901F00AC2314 /* SceneDelegate.swift */ = {isa = PBXFileReference; lastKnownFileType = sourcecode.swift; path = SceneDelegate.swift; sourceTree = "<group>"; };
		B149476A2A8A901F00AC2314 /* ViewController.swift */ = {isa = PBXFileReference; lastKnownFileType = sourcecode.swift; path = ViewController.swift; sourceTree = "<group>"; };
		B149476D2A8A901F00AC2314 /* Base */ = {isa = PBXFileReference; lastKnownFileType = file.storyboard; name = Base; path = Base.lproj/Main.storyboard; sourceTree = "<group>"; };
		B149476F2A8A902000AC2314 /* Assets.xcassets */ = {isa = PBXFileReference; lastKnownFileType = folder.assetcatalog; path = Assets.xcassets; sourceTree = "<group>"; };
		B14947722A8A902000AC2314 /* Base */ = {isa = PBXFileReference; lastKnownFileType = file.storyboard; name = Base; path = Base.lproj/LaunchScreen.storyboard; sourceTree = "<group>"; };
		B14947742A8A902000AC2314 /* Info.plist */ = {isa = PBXFileReference; lastKnownFileType = text.plist.xml; path = Info.plist; sourceTree = "<group>"; };
		B14947792A8A902000AC2314 /* MagicTravelTests.xctest */ = {isa = PBXFileReference; explicitFileType = wrapper.cfbundle; includeInIndex = 0; path = MagicTravelTests.xctest; sourceTree = BUILT_PRODUCTS_DIR; };
		B149477D2A8A902000AC2314 /* MagicTravelTests.swift */ = {isa = PBXFileReference; lastKnownFileType = sourcecode.swift; path = MagicTravelTests.swift; sourceTree = "<group>"; };
		B14947832A8A902000AC2314 /* MagicTravelUITests.xctest */ = {isa = PBXFileReference; explicitFileType = wrapper.cfbundle; includeInIndex = 0; path = MagicTravelUITests.xctest; sourceTree = BUILT_PRODUCTS_DIR; };
		B14947872A8A902000AC2314 /* MagicTravelUITests.swift */ = {isa = PBXFileReference; lastKnownFileType = sourcecode.swift; path = MagicTravelUITests.swift; sourceTree = "<group>"; };
		B14947892A8A902000AC2314 /* MagicTravelUITestsLaunchTests.swift */ = {isa = PBXFileReference; lastKnownFileType = sourcecode.swift; path = MagicTravelUITestsLaunchTests.swift; sourceTree = "<group>"; };
/* End PBXFileReference section */

/* Begin PBXFrameworksBuildPhase section */
		B14947602A8A901F00AC2314 /* Frameworks */ = {
			isa = PBXFrameworksBuildPhase;
			buildActionMask = 2147483647;
			files = (
			);
			runOnlyForDeploymentPostprocessing = 0;
		};
		B14947762A8A902000AC2314 /* Frameworks */ = {
			isa = PBXFrameworksBuildPhase;
			buildActionMask = 2147483647;
			files = (
			);
			runOnlyForDeploymentPostprocessing = 0;
		};
		B14947802A8A902000AC2314 /* Frameworks */ = {
			isa = PBXFrameworksBuildPhase;
			buildActionMask = 2147483647;
			files = (
			);
			runOnlyForDeploymentPostprocessing = 0;
		};
/* End PBXFrameworksBuildPhase section */

/* Begin PBXGroup section */
		B149475A2A8A901F00AC2314 = {
			isa = PBXGroup;
			children = (
				B14947652A8A901F00AC2314 /* MagicTravel */,
				B149477C2A8A902000AC2314 /* MagicTravelTests */,
				B14947862A8A902000AC2314 /* MagicTravelUITests */,
				B14947642A8A901F00AC2314 /* Products */,
			);
			sourceTree = "<group>";
		};
		B14947642A8A901F00AC2314 /* Products */ = {
			isa = PBXGroup;
			children = (
				B14947632A8A901F00AC2314 /* MagicTravel.app */,
				B14947792A8A902000AC2314 /* MagicTravelTests.xctest */,
				B14947832A8A902000AC2314 /* MagicTravelUITests.xctest */,
			);
			name = Products;
			sourceTree = "<group>";
		};
		B14947652A8A901F00AC2314 /* MagicTravel */ = {
			isa = PBXGroup;
			children = (
				B14947662A8A901F00AC2314 /* AppDelegate.swift */,
				B14947682A8A901F00AC2314 /* SceneDelegate.swift */,
				B149476A2A8A901F00AC2314 /* ViewController.swift */,
				B149476C2A8A901F00AC2314 /* Main.storyboard */,
				B149476F2A8A902000AC2314 /* Assets.xcassets */,
				B14947712A8A902000AC2314 /* LaunchScreen.storyboard */,
				B14947742A8A902000AC2314 /* Info.plist */,
			);
			path = MagicTravel;
			sourceTree = "<group>";
		};
		B149477C2A8A902000AC2314 /* MagicTravelTests */ = {
			isa = PBXGroup;
			children = (
				B149477D2A8A902000AC2314 /* MagicTravelTests.swift */,
			);
			path = MagicTravelTests;
			sourceTree = "<group>";
		};
		B14947862A8A902000AC2314 /* MagicTravelUITests */ = {
			isa = PBXGroup;
			children = (
				B14947872A8A902000AC2314 /* MagicTravelUITests.swift */,
				B14947892A8A902000AC2314 /* MagicTravelUITestsLaunchTests.swift */,
			);
			path = MagicTravelUITests;
			sourceTree = "<group>";
		};
/* End PBXGroup section */

/* Begin PBXNativeTarget section */
		B14947622A8A901F00AC2314 /* MagicTravel */ = {
			isa = PBXNativeTarget;
			buildConfigurationList = B149478D2A8A902000AC2314 /* Build configuration list for PBXNativeTarget "MagicTravel" */;
			buildPhases = (
				B149475F2A8A901F00AC2314 /* Sources */,
				B14947602A8A901F00AC2314 /* Frameworks */,
				B14947612A8A901F00AC2314 /* Resources */,
			);
			buildRules = (
			);
			dependencies = (
			);
			name = MagicTravel;
			productName = MagicTravel;
			productReference = B14947632A8A901F00AC2314 /* MagicTravel.app */;
			productType = "com.apple.product-type.application";
		};
		B14947782A8A902000AC2314 /* MagicTravelTests */ = {
			isa = PBXNativeTarget;
			buildConfigurationList = B14947902A8A902000AC2314 /* Build configuration list for PBXNativeTarget "MagicTravelTests" */;
			buildPhases = (
				B14947752A8A902000AC2314 /* Sources */,
				B14947762A8A902000AC2314 /* Frameworks */,
				B14947772A8A902000AC2314 /* Resources */,
			);
			buildRules = (
			);
			dependencies = (
				B149477B2A8A902000AC2314 /* PBXTargetDependency */,
			);
			name = MagicTravelTests;
			productName = MagicTravelTests;
			productReference = B14947792A8A902000AC2314 /* MagicTravelTests.xctest */;
			productType = "com.apple.product-type.bundle.unit-test";
		};
		B14947822A8A902000AC2314 /* MagicTravelUITests */ = {
			isa = PBXNativeTarget;
			buildConfigurationList = B14947932A8A902000AC2314 /* Build configuration list for PBXNativeTarget "MagicTravelUITests" */;
			buildPhases = (
				B149477F2A8A902000AC2314 /* Sources */,
				B14947802A8A902000AC2314 /* Frameworks */,
				B14947812A8A902000AC2314 /* Resources */,
			);
			buildRules = (
			);
			dependencies = (
				B14947852A8A902000AC2314 /* PBXTargetDependency */,
			);
			name = MagicTravelUITests;
			productName = MagicTravelUITests;
			productReference = B14947832A8A902000AC2314 /* MagicTravelUITests.xctest */;
			productType = "com.apple.product-type.bundle.ui-testing";
		};
/* End PBXNativeTarget section */

/* Begin PBXProject section */
		B149475B2A8A901F00AC2314 /* Project object */ = {
			isa = PBXProject;
			attributes = {
				BuildIndependentTargetsInParallel = 1;
				LastSwiftUpdateCheck = 1420;
				LastUpgradeCheck = 1420;
				TargetAttributes = {
					B14947622A8A901F00AC2314 = {
						CreatedOnToolsVersion = 14.2;
					};
					B14947782A8A902000AC2314 = {
						CreatedOnToolsVersion = 14.2;
						TestTargetID = B14947622A8A901F00AC2314;
					};
					B14947822A8A902000AC2314 = {
						CreatedOnToolsVersion = 14.2;
						TestTargetID = B14947622A8A901F00AC2314;
					};
				};
			};
			buildConfigurationList = B149475E2A8A901F00AC2314 /* Build configuration list for PBXProject "MagicTravel" */;
			compatibilityVersion = "Xcode 14.0";
			developmentRegion = en;
			hasScannedForEncodings = 0;
			knownRegions = (
				en,
				Base,
			);
			mainGroup = B149475A2A8A901F00AC2314;
			productRefGroup = B14947642A8A901F00AC2314 /* Products */;
			projectDirPath = "";
			projectRoot = "";
			targets = (
				B14947622A8A901F00AC2314 /* MagicTravel */,
				B14947782A8A902000AC2314 /* MagicTravelTests */,
				B14947822A8A902000AC2314 /* MagicTravelUITests */,
			);
		};
/* End PBXProject section */

/* Begin PBXResourcesBuildPhase section */
		B14947612A8A901F00AC2314 /* Resources */ = {
			isa = PBXResourcesBuildPhase;
			buildActionMask = 2147483647;
			files = (
				B14947732A8A902000AC2314 /* LaunchScreen.storyboard in Resources */,
				B14947702A8A902000AC2314 /* Assets.xcassets in Resources */,
				B149476E2A8A901F00AC2314 /* Main.storyboard in Resources */,
			);
			runOnlyForDeploymentPostprocessing = 0;
		};
		B14947772A8A902000AC2314 /* Resources */ = {
			isa = PBXResourcesBuildPhase;
			buildActionMask = 2147483647;
			files = (
			);
			runOnlyForDeploymentPostprocessing = 0;
		};
		B14947812A8A902000AC2314 /* Resources */ = {
			isa = PBXResourcesBuildPhase;
			buildActionMask = 2147483647;
			files = (
			);
			runOnlyForDeploymentPostprocessing = 0;
		};
/* End PBXResourcesBuildPhase section */

/* Begin PBXSourcesBuildPhase section */
		B149475F2A8A901F00AC2314 /* Sources */ = {
			isa = PBXSourcesBuildPhase;
			buildActionMask = 2147483647;
			files = (
				B149476B2A8A901F00AC2314 /* ViewController.swift in Sources */,
				B14947672A8A901F00AC2314 /* AppDelegate.swift in Sources */,
				B14947692A8A901F00AC2314 /* SceneDelegate.swift in Sources */,
			);
			runOnlyForDeploymentPostprocessing = 0;
		};
		B14947752A8A902000AC2314 /* Sources */ = {
			isa = PBXSourcesBuildPhase;
			buildActionMask = 2147483647;
			files = (
				B149477E2A8A902000AC2314 /* MagicTravelTests.swift in Sources */,
			);
			runOnlyForDeploymentPostprocessing = 0;
		};
		B149477F2A8A902000AC2314 /* Sources */ = {
			isa = PBXSourcesBuildPhase;
			buildActionMask = 2147483647;
			files = (
				B149478A2A8A902000AC2314 /* MagicTravelUITestsLaunchTests.swift in Sources */,
				B14947882A8A902000AC2314 /* MagicTravelUITests.swift in Sources */,
			);
			runOnlyForDeploymentPostprocessing = 0;
		};
/* End PBXSourcesBuildPhase section */

/* Begin PBXTargetDependency section */
		B149477B2A8A902000AC2314 /* PBXTargetDependency */ = {
			isa = PBXTargetDependency;
			target = B14947622A8A901F00AC2314 /* MagicTravel */;
			targetProxy = B149477A2A8A902000AC2314 /* PBXContainerItemProxy */;
		};
		B14947852A8A902000AC2314 /* PBXTargetDependency */ = {
			isa = PBXTargetDependency;
			target = B14947622A8A901F00AC2314 /* MagicTravel */;
			targetProxy = B14947842A8A902000AC2314 /* PBXContainerItemProxy */;
		};
/* End PBXTargetDependency section */

/* Begin PBXVariantGroup section */
		B149476C2A8A901F00AC2314 /* Main.storyboard */ = {
			isa = PBXVariantGroup;
			children = (
				B149476D2A8A901F00AC2314 /* Base */,
			);
			name = Main.storyboard;
			sourceTree = "<group>";
		};
		B14947712A8A902000AC2314 /* LaunchScreen.storyboard */ = {
			isa = PBXVariantGroup;
			children = (
				B14947722A8A902000AC2314 /* Base */,
			);
			name = LaunchScreen.storyboard;
			sourceTree = "<group>";
		};
/* End PBXVariantGroup section */

/* Begin XCBuildConfiguration section */
		B149478B2A8A902000AC2314 /* Debug */ = {
			isa = XCBuildConfiguration;
			buildSettings = {
				ALWAYS_SEARCH_USER_PATHS = NO;
				CLANG_ANALYZER_NONNULL = YES;
				CLANG_ANALYZER_NUMBER_OBJECT_CONVERSION = YES_AGGRESSIVE;
				CLANG_CXX_LANGUAGE_STANDARD = "gnu++20";
				CLANG_ENABLE_MODULES = YES;
				CLANG_ENABLE_OBJC_ARC = YES;
				CLANG_ENABLE_OBJC_WEAK = YES;
				CLANG_WARN_BLOCK_CAPTURE_AUTORELEASING = YES;
				CLANG_WARN_BOOL_CONVERSION = YES;
				CLANG_WARN_COMMA = YES;
				CLANG_WARN_CONSTANT_CONVERSION = YES;
				CLANG_WARN_DEPRECATED_OBJC_IMPLEMENTATIONS = YES;
				CLANG_WARN_DIRECT_OBJC_ISA_USAGE = YES_ERROR;
				CLANG_WARN_DOCUMENTATION_COMMENTS = YES;
				CLANG_WARN_EMPTY_BODY = YES;
				CLANG_WARN_ENUM_CONVERSION = YES;
				CLANG_WARN_INFINITE_RECURSION = YES;
				CLANG_WARN_INT_CONVERSION = YES;
				CLANG_WARN_NON_LITERAL_NULL_CONVERSION = YES;
				CLANG_WARN_OBJC_IMPLICIT_RETAIN_SELF = YES;
				CLANG_WARN_OBJC_LITERAL_CONVERSION = YES;
				CLANG_WARN_OBJC_ROOT_CLASS = YES_ERROR;
				CLANG_WARN_QUOTED_INCLUDE_IN_FRAMEWORK_HEADER = YES;
				CLANG_WARN_RANGE_LOOP_ANALYSIS = YES;
				CLANG_WARN_STRICT_PROTOTYPES = YES;
				CLANG_WARN_SUSPICIOUS_MOVE = YES;
				CLANG_WARN_UNGUARDED_AVAILABILITY = YES_AGGRESSIVE;
				CLANG_WARN_UNREACHABLE_CODE = YES;
				CLANG_WARN__DUPLICATE_METHOD_MATCH = YES;
				COPY_PHASE_STRIP = NO;
				DEBUG_INFORMATION_FORMAT = dwarf;
				ENABLE_STRICT_OBJC_MSGSEND = YES;
				ENABLE_TESTABILITY = YES;
				GCC_C_LANGUAGE_STANDARD = gnu11;
				GCC_DYNAMIC_NO_PIC = NO;
				GCC_NO_COMMON_BLOCKS = YES;
				GCC_OPTIMIZATION_LEVEL = 0;
				GCC_PREPROCESSOR_DEFINITIONS = (
					"DEBUG=1",
					"$(inherited)",
				);
				GCC_WARN_64_TO_32_BIT_CONVERSION = YES;
				GCC_WARN_ABOUT_RETURN_TYPE = YES_ERROR;
				GCC_WARN_UNDECLARED_SELECTOR = YES;
				GCC_WARN_UNINITIALIZED_AUTOS = YES_AGGRESSIVE;
				GCC_WARN_UNUSED_FUNCTION = YES;
				GCC_WARN_UNUSED_VARIABLE = YES;
				IPHONEOS_DEPLOYMENT_TARGET = 16.2;
				MTL_ENABLE_DEBUG_INFO = INCLUDE_SOURCE;
				MTL_FAST_MATH = YES;
				ONLY_ACTIVE_ARCH = YES;
				SDKROOT = iphoneos;
				SWIFT_ACTIVE_COMPILATION_CONDITIONS = DEBUG;
				SWIFT_OPTIMIZATION_LEVEL = "-Onone";
			};
			name = Debug;
		};
		B149478C2A8A902000AC2314 /* Release */ = {
			isa = XCBuildConfiguration;
			buildSettings = {
				ALWAYS_SEARCH_USER_PATHS = NO;
				CLANG_ANALYZER_NONNULL = YES;
				CLANG_ANALYZER_NUMBER_OBJECT_CONVERSION = YES_AGGRESSIVE;
				CLANG_CXX_LANGUAGE_STANDARD = "gnu++20";
				CLANG_ENABLE_MODULES = YES;
				CLANG_ENABLE_OBJC_ARC = YES;
				CLANG_ENABLE_OBJC_WEAK = YES;
				CLANG_WARN_BLOCK_CAPTURE_AUTORELEASING = YES;
				CLANG_WARN_BOOL_CONVERSION = YES;
				CLANG_WARN_COMMA = YES;
				CLANG_WARN_CONSTANT_CONVERSION = YES;
				CLANG_WARN_DEPRECATED_OBJC_IMPLEMENTATIONS = YES;
				CLANG_WARN_DIRECT_OBJC_ISA_USAGE = YES_ERROR;
				CLANG_WARN_DOCUMENTATION_COMMENTS = YES;
				CLANG_WARN_EMPTY_BODY = YES;
				CLANG_WARN_ENUM_CONVERSION = YES;
				CLANG_WARN_INFINITE_RECURSION = YES;
				CLANG_WARN_INT_CONVERSION = YES;
				CLANG_WARN_NON_LITERAL_NULL_CONVERSION = YES;
				CLANG_WARN_OBJC_IMPLICIT_RETAIN_SELF = YES;
				CLANG_WARN_OBJC_LITERAL_CONVERSION = YES;
				CLANG_WARN_OBJC_ROOT_CLASS = YES_ERROR;
				CLANG_WARN_QUOTED_INCLUDE_IN_FRAMEWORK_HEADER = YES;
				CLANG_WARN_RANGE_LOOP_ANALYSIS = YES;
				CLANG_WARN_STRICT_PROTOTYPES = YES;
				CLANG_WARN_SUSPICIOUS_MOVE = YES;
				CLANG_WARN_UNGUARDED_AVAILABILITY = YES_AGGRESSIVE;
				CLANG_WARN_UNREACHABLE_CODE = YES;
				CLANG_WARN__DUPLICATE_METHOD_MATCH = YES;
				COPY_PHASE_STRIP = NO;
				DEBUG_INFORMATION_FORMAT = "dwarf-with-dsym";
				ENABLE_NS_ASSERTIONS = NO;
				ENABLE_STRICT_OBJC_MSGSEND = YES;
				GCC_C_LANGUAGE_STANDARD = gnu11;
				GCC_NO_COMMON_BLOCKS = YES;
				GCC_WARN_64_TO_32_BIT_CONVERSION = YES;
				GCC_WARN_ABOUT_RETURN_TYPE = YES_ERROR;
				GCC_WARN_UNDECLARED_SELECTOR = YES;
				GCC_WARN_UNINITIALIZED_AUTOS = YES_AGGRESSIVE;
				GCC_WARN_UNUSED_FUNCTION = YES;
				GCC_WARN_UNUSED_VARIABLE = YES;
				IPHONEOS_DEPLOYMENT_TARGET = 16.2;
				MTL_ENABLE_DEBUG_INFO = NO;
				MTL_FAST_MATH = YES;
				SDKROOT = iphoneos;
				SWIFT_COMPILATION_MODE = wholemodule;
				SWIFT_OPTIMIZATION_LEVEL = "-O";
				VALIDATE_PRODUCT = YES;
			};
			name = Release;
		};
		B149478E2A8A902000AC2314 /* Debug */ = {
			isa = XCBuildConfiguration;
			buildSettings = {
				ASSETCATALOG_COMPILER_APPICON_NAME = AppIcon;
				ASSETCATALOG_COMPILER_GLOBAL_ACCENT_COLOR_NAME = AccentColor;
				CODE_SIGN_STYLE = Automatic;
				CURRENT_PROJECT_VERSION = 1;
				GENERATE_INFOPLIST_FILE = YES;
				INFOPLIST_FILE = MagicTravel/Info.plist;
				INFOPLIST_KEY_UIApplicationSupportsIndirectInputEvents = YES;
				INFOPLIST_KEY_UILaunchStoryboardName = LaunchScreen;
				INFOPLIST_KEY_UIMainStoryboardFile = Main;
				INFOPLIST_KEY_UISupportedInterfaceOrientations_iPad = "UIInterfaceOrientationPortrait UIInterfaceOrientationPortraitUpsideDown UIInterfaceOrientationLandscapeLeft UIInterfaceOrientationLandscapeRight";
				INFOPLIST_KEY_UISupportedInterfaceOrientations_iPhone = "UIInterfaceOrientationPortrait UIInterfaceOrientationLandscapeLeft UIInterfaceOrientationLandscapeRight";
				LD_RUNPATH_SEARCH_PATHS = (
					"$(inherited)",
					"@executable_path/Frameworks",
				);
				MARKETING_VERSION = 1.0;
				PRODUCT_BUNDLE_IDENTIFIER = dheerajAgarwal.MagicTravel;
				PRODUCT_NAME = "$(TARGET_NAME)";
				SWIFT_EMIT_LOC_STRINGS = YES;
				SWIFT_VERSION = 5.0;
				TARGETED_DEVICE_FAMILY = "1,2";
			};
			name = Debug;
		};
		B149478F2A8A902000AC2314 /* Release */ = {
			isa = XCBuildConfiguration;
			buildSettings = {
				ASSETCATALOG_COMPILER_APPICON_NAME = AppIcon;
				ASSETCATALOG_COMPILER_GLOBAL_ACCENT_COLOR_NAME = AccentColor;
				CODE_SIGN_STYLE = Automatic;
				CURRENT_PROJECT_VERSION = 1;
				GENERATE_INFOPLIST_FILE = YES;
				INFOPLIST_FILE = MagicTravel/Info.plist;
				INFOPLIST_KEY_UIApplicationSupportsIndirectInputEvents = YES;
				INFOPLIST_KEY_UILaunchStoryboardName = LaunchScreen;
				INFOPLIST_KEY_UIMainStoryboardFile = Main;
				INFOPLIST_KEY_UISupportedInterfaceOrientations_iPad = "UIInterfaceOrientationPortrait UIInterfaceOrientationPortraitUpsideDown UIInterfaceOrientationLandscapeLeft UIInterfaceOrientationLandscapeRight";
				INFOPLIST_KEY_UISupportedInterfaceOrientations_iPhone = "UIInterfaceOrientationPortrait UIInterfaceOrientationLandscapeLeft UIInterfaceOrientationLandscapeRight";
				LD_RUNPATH_SEARCH_PATHS = (
					"$(inherited)",
					"@executable_path/Frameworks",
				);
				MARKETING_VERSION = 1.0;
				PRODUCT_BUNDLE_IDENTIFIER = dheerajAgarwal.MagicTravel;
				PRODUCT_NAME = "$(TARGET_NAME)";
				SWIFT_EMIT_LOC_STRINGS = YES;
				SWIFT_VERSION = 5.0;
				TARGETED_DEVICE_FAMILY = "1,2";
			};
			name = Release;
		};
		B14947912A8A902000AC2314 /* Debug */ = {
			isa = XCBuildConfiguration;
			buildSettings = {
				ALWAYS_EMBED_SWIFT_STANDARD_LIBRARIES = YES;
				BUNDLE_LOADER = "$(TEST_HOST)";
				CODE_SIGN_STYLE = Automatic;
				CURRENT_PROJECT_VERSION = 1;
				GENERATE_INFOPLIST_FILE = YES;
				IPHONEOS_DEPLOYMENT_TARGET = 16.2;
				MARKETING_VERSION = 1.0;
				PRODUCT_BUNDLE_IDENTIFIER = dheerajAgarwal.MagicTravelTests;
				PRODUCT_NAME = "$(TARGET_NAME)";
				SWIFT_EMIT_LOC_STRINGS = NO;
				SWIFT_VERSION = 5.0;
				TARGETED_DEVICE_FAMILY = "1,2";
				TEST_HOST = "$(BUILT_PRODUCTS_DIR)/MagicTravel.app/$(BUNDLE_EXECUTABLE_FOLDER_PATH)/MagicTravel";
			};
			name = Debug;
		};
		B14947922A8A902000AC2314 /* Release */ = {
			isa = XCBuildConfiguration;
			buildSettings = {
				ALWAYS_EMBED_SWIFT_STANDARD_LIBRARIES = YES;
				BUNDLE_LOADER = "$(TEST_HOST)";
				CODE_SIGN_STYLE = Automatic;
				CURRENT_PROJECT_VERSION = 1;
				GENERATE_INFOPLIST_FILE = YES;
				IPHONEOS_DEPLOYMENT_TARGET = 16.2;
				MARKETING_VERSION = 1.0;
				PRODUCT_BUNDLE_IDENTIFIER = dheerajAgarwal.MagicTravelTests;
				PRODUCT_NAME = "$(TARGET_NAME)";
				SWIFT_EMIT_LOC_STRINGS = NO;
				SWIFT_VERSION = 5.0;
				TARGETED_DEVICE_FAMILY = "1,2";
				TEST_HOST = "$(BUILT_PRODUCTS_DIR)/MagicTravel.app/$(BUNDLE_EXECUTABLE_FOLDER_PATH)/MagicTravel";
			};
			name = Release;
		};
		B14947942A8A902000AC2314 /* Debug */ = {
			isa = XCBuildConfiguration;
			buildSettings = {
				ALWAYS_EMBED_SWIFT_STANDARD_LIBRARIES = YES;
				CODE_SIGN_STYLE = Automatic;
				CURRENT_PROJECT_VERSION = 1;
				GENERATE_INFOPLIST_FILE = YES;
				MARKETING_VERSION = 1.0;
				PRODUCT_BUNDLE_IDENTIFIER = dheerajAgarwal.MagicTravelUITests;
				PRODUCT_NAME = "$(TARGET_NAME)";
				SWIFT_EMIT_LOC_STRINGS = NO;
				SWIFT_VERSION = 5.0;
				TARGETED_DEVICE_FAMILY = "1,2";
				TEST_TARGET_NAME = MagicTravel;
			};
			name = Debug;
		};
		B14947952A8A902000AC2314 /* Release */ = {
			isa = XCBuildConfiguration;
			buildSettings = {
				ALWAYS_EMBED_SWIFT_STANDARD_LIBRARIES = YES;
				CODE_SIGN_STYLE = Automatic;
				CURRENT_PROJECT_VERSION = 1;
				GENERATE_INFOPLIST_FILE = YES;
				MARKETING_VERSION = 1.0;
				PRODUCT_BUNDLE_IDENTIFIER = dheerajAgarwal.MagicTravelUITests;
				PRODUCT_NAME = "$(TARGET_NAME)";
				SWIFT_EMIT_LOC_STRINGS = NO;
				SWIFT_VERSION = 5.0;
				TARGETED_DEVICE_FAMILY = "1,2";
				TEST_TARGET_NAME = MagicTravel;
			};
			name = Release;
		};
/* End XCBuildConfiguration section */

/* Begin XCConfigurationList section */
		B149475E2A8A901F00AC2314 /* Build configuration list for PBXProject "MagicTravel" */ = {
			isa = XCConfigurationList;
			buildConfigurations = (
				B149478B2A8A902000AC2314 /* Debug */,
				B149478C2A8A902000AC2314 /* Release */,
			);
			defaultConfigurationIsVisible = 0;
			defaultConfigurationName = Release;
		};
		B149478D2A8A902000AC2314 /* Build configuration list for PBXNativeTarget "MagicTravel" */ = {
			isa = XCConfigurationList;
			buildConfigurations = (
				B149478E2A8A902000AC2314 /* Debug */,
				B149478F2A8A902000AC2314 /* Release */,
			);
			defaultConfigurationIsVisible = 0;
			defaultConfigurationName = Release;
		};
		B14947902A8A902000AC2314 /* Build configuration list for PBXNativeTarget "MagicTravelTests" */ = {
			isa = XCConfigurationList;
			buildConfigurations = (
				B14947912A8A902000AC2314 /* Debug */,
				B14947922A8A902000AC2314 /* Release */,
			);
			defaultConfigurationIsVisible = 0;
			defaultConfigurationName = Release;
		};
		B14947932A8A902000AC2314 /* Build configuration list for PBXNativeTarget "MagicTravelUITests" */ = {
			isa = XCConfigurationList;
			buildConfigurations = (
				B14947942A8A902000AC2314 /* Debug */,
				B14947952A8A902000AC2314 /* Release */,
			);
			defaultConfigurationIsVisible = 0;
			defaultConfigurationName = Release;
		};
/* End XCConfigurationList section */
	};
	rootObject = B149475B2A8A901F00AC2314 /* Project object */;
}
